
Microsoft Visual Studio Solution File, Format Version 12.00
# Visual Studio Version 16
VisualStudioVersion = 16.0.31702.278
MinimumVisualStudioVersion = 10.0.40219.1
Project("{FAE04EC0-301F-11D3-BF4B-00C04F79EFBC}") = "Customer_Management_System3", "Customer_Management_System3.csproj", "{8E5F9C67-B5CC-40FE-BA62-BD3B7CDA7D87}"
EndProject
Global
	GlobalSection(SolutionConfigurationPlatforms) = preSolution
		Debug|Any CPU = Debug|Any CPU
		Release|Any CPU = Release|Any CPU
	EndGlobalSection
	GlobalSection(ProjectConfigurationPlatforms) = postSolution
		{8E5F9C67-B5CC-40FE-BA62-BD3B7CDA7D87}.Debug|Any CPU.ActiveCfg = Debug|Any CPU
		{8E5F9C67-B5CC-40FE-BA62-BD3B7CDA7D87}.Debug|Any CPU.Build.0 = Debug|Any CPU
		{8E5F9C67-B5CC-40FE-BA62-BD3B7CDA7D87}.Release|Any CPU.ActiveCfg = Release|Any CPU
		{8E5F9C67-B5CC-40FE-BA62-BD3B7CDA7D87}.Release|Any CPU.Build.0 = Release|Any CPU
	EndGlobalSection
	GlobalSection(SolutionProperties) = preSolution
		HideSolutionNode = FALSE
	EndGlobalSection
	GlobalSection(ExtensibilityGlobals) = postSolution
		SolutionGuid = {C35BDBB6-9257-4271-9982-84909C17072C}
	EndGlobalSection
EndGlobal
